
Microsoft Visual Studio Solution File, Format Version 12.00
# Visual Studio Version 17
VisualStudioVersion = 17.2.32526.322
MinimumVisualStudioVersion = 10.0.40219.1
Project("{FAE04EC0-301F-11D3-BF4B-00C04F79EFBC}") = "DapperExample_Advanced", "DapperExample_Advanced\DapperExample_Advanced.csproj", "{EBAD2375-9CBB-4828-A39E-0FEB983083F7}"
EndProject
Global
	GlobalSection(SolutionConfigurationPlatforms) = preSolution
		Debug|Any CPU = Debug|Any CPU
		Release|Any CPU = Release|Any CPU
	EndGlobalSection
	GlobalSection(ProjectConfigurationPlatforms) = postSolution
		{EBAD2375-9CBB-4828-A39E-0FEB983083F7}.Debug|Any CPU.ActiveCfg = Debug|Any CPU
		{EBAD2375-9CBB-4828-A39E-0FEB983083F7}.Debug|Any CPU.Build.0 = Debug|Any CPU
		{EBAD2375-9CBB-4828-A39E-0FEB983083F7}.Release|Any CPU.ActiveCfg = Release|Any CPU
		{EBAD2375-9CBB-4828-A39E-0FEB983083F7}.Release|Any CPU.Build.0 = Release|Any CPU
	EndGlobalSection
	GlobalSection(SolutionProperties) = preSolution
		HideSolutionNode = FALSE
	EndGlobalSection
	GlobalSection(ExtensibilityGlobals) = postSolution
		SolutionGuid = {47E73C13-81A2-4D36-9AFD-7D41CC318B6A}
	EndGlobalSection
EndGlobal
