
Microsoft Visual Studio Solution File, Format Version 12.00
# Visual Studio Version 17
VisualStudioVersion = 17.2.32526.322
MinimumVisualStudioVersion = 10.0.40219.1
Project("{FAE04EC0-301F-11D3-BF4B-00C04F79EFBC}") = "HangfireExample", "HangfireExample\HangfireExample.csproj", "{EF63B796-133D-4A9B-A6E6-49F60F3C8832}"
EndProject
Global
	GlobalSection(SolutionConfigurationPlatforms) = preSolution
		Debug|Any CPU = Debug|Any CPU
		Release|Any CPU = Release|Any CPU
	EndGlobalSection
	GlobalSection(ProjectConfigurationPlatforms) = postSolution
		{EF63B796-133D-4A9B-A6E6-49F60F3C8832}.Debug|Any CPU.ActiveCfg = Debug|Any CPU
		{EF63B796-133D-4A9B-A6E6-49F60F3C8832}.Debug|Any CPU.Build.0 = Debug|Any CPU
		{EF63B796-133D-4A9B-A6E6-49F60F3C8832}.Release|Any CPU.ActiveCfg = Release|Any CPU
		{EF63B796-133D-4A9B-A6E6-49F60F3C8832}.Release|Any CPU.Build.0 = Release|Any CPU
	EndGlobalSection
	GlobalSection(SolutionProperties) = preSolution
		HideSolutionNode = FALSE
	EndGlobalSection
	GlobalSection(ExtensibilityGlobals) = postSolution
		SolutionGuid = {3A7862AE-897C-46DB-86FE-84DC10427399}
	EndGlobalSection
EndGlobal
