
Microsoft Visual Studio Solution File, Format Version 12.00
# Visual Studio Version 17
VisualStudioVersion = 17.2.32526.322
MinimumVisualStudioVersion = 10.0.40219.1
Project("{FAE04EC0-301F-11D3-BF4B-00C04F79EFBC}") = "SerilogExample_Advanced", "SerilogExample_Advanced\SerilogExample_Advanced.csproj", "{4626BC48-5A13-4E6B-8703-B0BFF681A042}"
EndProject
Global
	GlobalSection(SolutionConfigurationPlatforms) = preSolution
		Debug|Any CPU = Debug|Any CPU
		Release|Any CPU = Release|Any CPU
	EndGlobalSection
	GlobalSection(ProjectConfigurationPlatforms) = postSolution
		{4626BC48-5A13-4E6B-8703-B0BFF681A042}.Debug|Any CPU.ActiveCfg = Debug|Any CPU
		{4626BC48-5A13-4E6B-8703-B0BFF681A042}.Debug|Any CPU.Build.0 = Debug|Any CPU
		{4626BC48-5A13-4E6B-8703-B0BFF681A042}.Release|Any CPU.ActiveCfg = Release|Any CPU
		{4626BC48-5A13-4E6B-8703-B0BFF681A042}.Release|Any CPU.Build.0 = Release|Any CPU
	EndGlobalSection
	GlobalSection(SolutionProperties) = preSolution
		HideSolutionNode = FALSE
	EndGlobalSection
	GlobalSection(ExtensibilityGlobals) = postSolution
		SolutionGuid = {F1C9661C-0720-4B47-BD05-1D816264466E}
	EndGlobalSection
EndGlobal
