
Microsoft Visual Studio Solution File, Format Version 12.00
# Visual Studio Version 17
VisualStudioVersion = 17.2.32526.322
MinimumVisualStudioVersion = 10.0.40219.1
Project("{FAE04EC0-301F-11D3-BF4B-00C04F79EFBC}") = "EFCoreExample_Advanced", "EFCoreExample_Advanced\EFCoreExample_Advanced.csproj", "{995F2636-7850-4883-8CA0-6956BFB30831}"
EndProject
Global
	GlobalSection(SolutionConfigurationPlatforms) = preSolution
		Debug|Any CPU = Debug|Any CPU
		Release|Any CPU = Release|Any CPU
	EndGlobalSection
	GlobalSection(ProjectConfigurationPlatforms) = postSolution
		{995F2636-7850-4883-8CA0-6956BFB30831}.Debug|Any CPU.ActiveCfg = Debug|Any CPU
		{995F2636-7850-4883-8CA0-6956BFB30831}.Debug|Any CPU.Build.0 = Debug|Any CPU
		{995F2636-7850-4883-8CA0-6956BFB30831}.Release|Any CPU.ActiveCfg = Release|Any CPU
		{995F2636-7850-4883-8CA0-6956BFB30831}.Release|Any CPU.Build.0 = Release|Any CPU
	EndGlobalSection
	GlobalSection(SolutionProperties) = preSolution
		HideSolutionNode = FALSE
	EndGlobalSection
	GlobalSection(ExtensibilityGlobals) = postSolution
		SolutionGuid = {33F48C75-3E74-4FA5-A969-CE2DABD1F62A}
	EndGlobalSection
EndGlobal
