
Microsoft Visual Studio Solution File, Format Version 12.00
# Visual Studio Version 17
VisualStudioVersion = 17.2.32526.322
MinimumVisualStudioVersion = 10.0.40219.1
Project("{FAE04EC0-301F-11D3-BF4B-00C04F79EFBC}") = "JsonExample_Advanced", "JsonExample_Advanced\JsonExample_Advanced.csproj", "{7422A305-4EDE-4016-A146-BDAF1DC2C321}"
EndProject
Global
	GlobalSection(SolutionConfigurationPlatforms) = preSolution
		Debug|Any CPU = Debug|Any CPU
		Release|Any CPU = Release|Any CPU
	EndGlobalSection
	GlobalSection(ProjectConfigurationPlatforms) = postSolution
		{7422A305-4EDE-4016-A146-BDAF1DC2C321}.Debug|Any CPU.ActiveCfg = Debug|Any CPU
		{7422A305-4EDE-4016-A146-BDAF1DC2C321}.Debug|Any CPU.Build.0 = Debug|Any CPU
		{7422A305-4EDE-4016-A146-BDAF1DC2C321}.Release|Any CPU.ActiveCfg = Release|Any CPU
		{7422A305-4EDE-4016-A146-BDAF1DC2C321}.Release|Any CPU.Build.0 = Release|Any CPU
	EndGlobalSection
	GlobalSection(SolutionProperties) = preSolution
		HideSolutionNode = FALSE
	EndGlobalSection
	GlobalSection(ExtensibilityGlobals) = postSolution
		SolutionGuid = {8FE5D3E7-DF31-4500-8D5D-99DFC4992E6B}
	EndGlobalSection
EndGlobal
