
Microsoft Visual Studio Solution File, Format Version 12.00
# Visual Studio Version 17
VisualStudioVersion = 17.2.32526.322
MinimumVisualStudioVersion = 10.0.40219.1
Project("{FAE04EC0-301F-11D3-BF4B-00C04F79EFBC}") = "MoqExample", "MoqExample\MoqExample.csproj", "{78D3B5CB-4F6A-420D-86D0-7B1DA439F0C2}"
EndProject
Project("{FAE04EC0-301F-11D3-BF4B-00C04F79EFBC}") = "MoqExample.Tests", "MoqExample.Tests\MoqExample.Tests.csproj", "{B854411B-B038-4F4E-9B00-1A7D16E927CD}"
EndProject
Global
	GlobalSection(SolutionConfigurationPlatforms) = preSolution
		Debug|Any CPU = Debug|Any CPU
		Release|Any CPU = Release|Any CPU
	EndGlobalSection
	GlobalSection(ProjectConfigurationPlatforms) = postSolution
		{78D3B5CB-4F6A-420D-86D0-7B1DA439F0C2}.Debug|Any CPU.ActiveCfg = Debug|Any CPU
		{78D3B5CB-4F6A-420D-86D0-7B1DA439F0C2}.Debug|Any CPU.Build.0 = Debug|Any CPU
		{78D3B5CB-4F6A-420D-86D0-7B1DA439F0C2}.Release|Any CPU.ActiveCfg = Release|Any CPU
		{78D3B5CB-4F6A-420D-86D0-7B1DA439F0C2}.Release|Any CPU.Build.0 = Release|Any CPU
		{B854411B-B038-4F4E-9B00-1A7D16E927CD}.Debug|Any CPU.ActiveCfg = Debug|Any CPU
		{B854411B-B038-4F4E-9B00-1A7D16E927CD}.Debug|Any CPU.Build.0 = Debug|Any CPU
		{B854411B-B038-4F4E-9B00-1A7D16E927CD}.Release|Any CPU.ActiveCfg = Release|Any CPU
		{B854411B-B038-4F4E-9B00-1A7D16E927CD}.Release|Any CPU.Build.0 = Release|Any CPU
	EndGlobalSection
	GlobalSection(SolutionProperties) = preSolution
		HideSolutionNode = FALSE
	EndGlobalSection
	GlobalSection(ExtensibilityGlobals) = postSolution
		SolutionGuid = {3A87AC78-FFAD-4E6F-BD5E-15F9439DDC59}
	EndGlobalSection
EndGlobal
