
Microsoft Visual Studio Solution File, Format Version 12.00
# Visual Studio Version 17
VisualStudioVersion = 17.1.32228.430
MinimumVisualStudioVersion = 10.0.40219.1
Project("{FAE04EC0-301F-11D3-BF4B-00C04F79EFBC}") = "ConfigurationExample", "ConfigurationExample\ConfigurationExample.csproj", "{8082C520-0A45-48B4-BC5E-DD2FE91FDC39}"
EndProject
Global
	GlobalSection(SolutionConfigurationPlatforms) = preSolution
		Debug|Any CPU = Debug|Any CPU
		Release|Any CPU = Release|Any CPU
	EndGlobalSection
	GlobalSection(ProjectConfigurationPlatforms) = postSolution
		{8082C520-0A45-48B4-BC5E-DD2FE91FDC39}.Debug|Any CPU.ActiveCfg = Debug|Any CPU
		{8082C520-0A45-48B4-BC5E-DD2FE91FDC39}.Debug|Any CPU.Build.0 = Debug|Any CPU
		{8082C520-0A45-48B4-BC5E-DD2FE91FDC39}.Release|Any CPU.ActiveCfg = Release|Any CPU
		{8082C520-0A45-48B4-BC5E-DD2FE91FDC39}.Release|Any CPU.Build.0 = Release|Any CPU
	EndGlobalSection
	GlobalSection(SolutionProperties) = preSolution
		HideSolutionNode = FALSE
	EndGlobalSection
	GlobalSection(ExtensibilityGlobals) = postSolution
		SolutionGuid = {7A424073-DA3F-4D21-A998-D417CF293E9A}
	EndGlobalSection
EndGlobal
